
Microsoft Visual Studio Solution File, Format Version 12.00
# Visual Studio Version 17
VisualStudioVersion = 17.2.32526.322
MinimumVisualStudioVersion = 10.0.40219.1
Project("{9A19103F-16F7-4668-BE54-9A1E7A4F7556}") = "LoanService", "LoanService\LoanService.csproj", "{76A65FBF-3EFC-43FF-B44B-092BBF1B1A21}"
EndProject
Project("{2150E333-8FDC-42A3-9474-1A3956D46DE8}") = "Solution Items", "Solution Items", "{962C253E-1020-4C10-B8EA-714B4AFEE992}"
	ProjectSection(SolutionItems) = preProject
		.editorconfig = .editorconfig
	EndProjectSection
EndProject
Project("{9A19103F-16F7-4668-BE54-9A1E7A4F7556}") = "AuthenticationService", "Authentication\AuthenticationService.csproj", "{8B8C4B91-972F-442E-ADEE-2ACDEB67A9BF}"
EndProject
Project("{9A19103F-16F7-4668-BE54-9A1E7A4F7556}") = "UserService", "UserService\UserService.csproj", "{408A9AB9-D981-4B9F-A456-4208E434B5EC}"
EndProject
Project("{9A19103F-16F7-4668-BE54-9A1E7A4F7556}") = "ChatService", "ChatService\ChatService.csproj", "{6D8C62BB-5555-4D9E-A526-630D67857975}"
EndProject
Project("{9A19103F-16F7-4668-BE54-9A1E7A4F7556}") = "RecommendationService", "RecommendationService\RecommendationService.csproj", "{F18E814B-39D9-47E1-B619-F0587987F178}"
EndProject
Project("{9A19103F-16F7-4668-BE54-9A1E7A4F7556}") = "APIGateway", "APIGateway\APIGateway.csproj", "{0B7DE49B-4600-4888-849E-A80DD94E5335}"
EndProject
Global
	GlobalSection(SolutionConfigurationPlatforms) = preSolution
		Debug|Any CPU = Debug|Any CPU
		Release|Any CPU = Release|Any CPU
	EndGlobalSection
	GlobalSection(ProjectConfigurationPlatforms) = postSolution
		{76A65FBF-3EFC-43FF-B44B-092BBF1B1A21}.Debug|Any CPU.ActiveCfg = Debug|Any CPU
		{76A65FBF-3EFC-43FF-B44B-092BBF1B1A21}.Debug|Any CPU.Build.0 = Debug|Any CPU
		{76A65FBF-3EFC-43FF-B44B-092BBF1B1A21}.Release|Any CPU.ActiveCfg = Release|Any CPU
		{76A65FBF-3EFC-43FF-B44B-092BBF1B1A21}.Release|Any CPU.Build.0 = Release|Any CPU
		{8B8C4B91-972F-442E-ADEE-2ACDEB67A9BF}.Debug|Any CPU.ActiveCfg = Debug|Any CPU
		{8B8C4B91-972F-442E-ADEE-2ACDEB67A9BF}.Debug|Any CPU.Build.0 = Debug|Any CPU
		{8B8C4B91-972F-442E-ADEE-2ACDEB67A9BF}.Release|Any CPU.ActiveCfg = Release|Any CPU
		{8B8C4B91-972F-442E-ADEE-2ACDEB67A9BF}.Release|Any CPU.Build.0 = Release|Any CPU
		{408A9AB9-D981-4B9F-A456-4208E434B5EC}.Debug|Any CPU.ActiveCfg = Debug|Any CPU
		{408A9AB9-D981-4B9F-A456-4208E434B5EC}.Debug|Any CPU.Build.0 = Debug|Any CPU
		{408A9AB9-D981-4B9F-A456-4208E434B5EC}.Release|Any CPU.ActiveCfg = Release|Any CPU
		{408A9AB9-D981-4B9F-A456-4208E434B5EC}.Release|Any CPU.Build.0 = Release|Any CPU
		{6D8C62BB-5555-4D9E-A526-630D67857975}.Debug|Any CPU.ActiveCfg = Debug|Any CPU
		{6D8C62BB-5555-4D9E-A526-630D67857975}.Debug|Any CPU.Build.0 = Debug|Any CPU
		{6D8C62BB-5555-4D9E-A526-630D67857975}.Release|Any CPU.ActiveCfg = Release|Any CPU
		{6D8C62BB-5555-4D9E-A526-630D67857975}.Release|Any CPU.Build.0 = Release|Any CPU
		{F18E814B-39D9-47E1-B619-F0587987F178}.Debug|Any CPU.ActiveCfg = Debug|Any CPU
		{F18E814B-39D9-47E1-B619-F0587987F178}.Debug|Any CPU.Build.0 = Debug|Any CPU
		{F18E814B-39D9-47E1-B619-F0587987F178}.Release|Any CPU.ActiveCfg = Release|Any CPU
		{F18E814B-39D9-47E1-B619-F0587987F178}.Release|Any CPU.Build.0 = Release|Any CPU
		{0B7DE49B-4600-4888-849E-A80DD94E5335}.Debug|Any CPU.ActiveCfg = Debug|Any CPU
		{0B7DE49B-4600-4888-849E-A80DD94E5335}.Debug|Any CPU.Build.0 = Debug|Any CPU
		{0B7DE49B-4600-4888-849E-A80DD94E5335}.Release|Any CPU.ActiveCfg = Release|Any CPU
		{0B7DE49B-4600-4888-849E-A80DD94E5335}.Release|Any CPU.Build.0 = Release|Any CPU
	EndGlobalSection
	GlobalSection(SolutionProperties) = preSolution
		HideSolutionNode = FALSE
	EndGlobalSection
	GlobalSection(ExtensibilityGlobals) = postSolution
		SolutionGuid = {E97F5426-FC7C-4D3B-BF88-7326818A9596}
	EndGlobalSection
EndGlobal
