
Microsoft Visual Studio Solution File, Format Version 12.00
# Visual Studio Version 17
VisualStudioVersion = 17.2.32526.322
MinimumVisualStudioVersion = 10.0.40219.1
Project("{9A19103F-16F7-4668-BE54-9A1E7A4F7556}") = "LoanService", "LoanService.csproj", "{D0E780CB-2158-4CF1-AB29-BC30951C900F}"
EndProject
Global
	GlobalSection(SolutionConfigurationPlatforms) = preSolution
		Debug|Any CPU = Debug|Any CPU
		Release|Any CPU = Release|Any CPU
	EndGlobalSection
	GlobalSection(ProjectConfigurationPlatforms) = postSolution
		{D0E780CB-2158-4CF1-AB29-BC30951C900F}.Debug|Any CPU.ActiveCfg = Debug|Any CPU
		{D0E780CB-2158-4CF1-AB29-BC30951C900F}.Debug|Any CPU.Build.0 = Debug|Any CPU
		{D0E780CB-2158-4CF1-AB29-BC30951C900F}.Release|Any CPU.ActiveCfg = Release|Any CPU
		{D0E780CB-2158-4CF1-AB29-BC30951C900F}.Release|Any CPU.Build.0 = Release|Any CPU
	EndGlobalSection
	GlobalSection(SolutionProperties) = preSolution
		HideSolutionNode = FALSE
	EndGlobalSection
	GlobalSection(ExtensibilityGlobals) = postSolution
		SolutionGuid = {FBF2F8E5-8BDA-465D-B49A-B0CF7E638F0B}
	EndGlobalSection
EndGlobal
