
Microsoft Visual Studio Solution File, Format Version 12.00
# Visual Studio Version 16
VisualStudioVersion = 25.0.1703.1
MinimumVisualStudioVersion = 10.0.40219.1
Project("{FAE04EC0-301F-11D3-BF4B-00C04F79EFBC}") = "UserService", "UserService.csproj", "{A3AF24FD-7B59-4F32-A465-052EAF1914B0}"
EndProject
Global
	GlobalSection(SolutionConfigurationPlatforms) = preSolution
		Debug|Any CPU = Debug|Any CPU
		Release|Any CPU = Release|Any CPU
	EndGlobalSection
	GlobalSection(ProjectConfigurationPlatforms) = postSolution
		{A3AF24FD-7B59-4F32-A465-052EAF1914B0}.Debug|Any CPU.ActiveCfg = Debug|Any CPU
		{A3AF24FD-7B59-4F32-A465-052EAF1914B0}.Debug|Any CPU.Build.0 = Debug|Any CPU
		{A3AF24FD-7B59-4F32-A465-052EAF1914B0}.Release|Any CPU.ActiveCfg = Release|Any CPU
		{A3AF24FD-7B59-4F32-A465-052EAF1914B0}.Release|Any CPU.Build.0 = Release|Any CPU
	EndGlobalSection
	GlobalSection(SolutionProperties) = preSolution
		HideSolutionNode = FALSE
	EndGlobalSection
	GlobalSection(ExtensibilityGlobals) = postSolution
		SolutionGuid = {A6C054A6-1A8E-481B-B01A-1375B1324CAA}
	EndGlobalSection
EndGlobal
